// !$*UTF8*$!
{
	archiveVersion = 1;
	classes = {
	};
	objectVersion = 55;
	objects = {

/* Begin PBXBuildFile section */
		8ACD99F4271E699500F22E07 /* AppDelegate.swift in Sources */ = {isa = PBXBuildFile; fileRef = 8ACD99F3271E699500F22E07 /* AppDelegate.swift */; };
		8ACD99F6271E699500F22E07 /* SceneDelegate.swift in Sources */ = {isa = PBXBuildFile; fileRef = 8ACD99F5271E699500F22E07 /* SceneDelegate.swift */; };
		8ACD99F8271E699500F22E07 /* ViewController.swift in Sources */ = {isa = PBXBuildFile; fileRef = 8ACD99F7271E699500F22E07 /* ViewController.swift */; };
		8ACD99FB271E699500F22E07 /* Main.storyboard in Resources */ = {isa = PBXBuildFile; fileRef = 8ACD99F9271E699500F22E07 /* Main.storyboard */; };
		8ACD99FD271E699800F22E07 /* Assets.xcassets in Resources */ = {isa = PBXBuildFile; fileRef = 8ACD99FC271E699800F22E07 /* Assets.xcassets */; };
		8ACD9A00271E699800F22E07 /* LaunchScreen.storyboard in Resources */ = {isa = PBXBuildFile; fileRef = 8ACD99FE271E699800F22E07 /* LaunchScreen.storyboard */; };
		8ACD9A0B271E699800F22E07 /* iOS_Tip_CalculatorTests.swift in Sources */ = {isa = PBXBuildFile; fileRef = 8ACD9A0A271E699800F22E07 /* iOS_Tip_CalculatorTests.swift */; };
		8ACD9A15271E699800F22E07 /* iOS_Tip_CalculatorUITests.swift in Sources */ = {isa = PBXBuildFile; fileRef = 8ACD9A14271E699800F22E07 /* iOS_Tip_CalculatorUITests.swift */; };
		8ACD9A17271E699800F22E07 /* iOS_Tip_CalculatorUITestsLaunchTests.swift in Sources */ = {isa = PBXBuildFile; fileRef = 8ACD9A16271E699800F22E07 /* iOS_Tip_CalculatorUITestsLaunchTests.swift */; };
/* End PBXBuildFile section */

/* Begin PBXContainerItemProxy section */
		8ACD9A07271E699800F22E07 /* PBXContainerItemProxy */ = {
			isa = PBXContainerItemProxy;
			containerPortal = 8ACD99E8271E699500F22E07 /* Project object */;
			proxyType = 1;
			remoteGlobalIDString = 8ACD99EF271E699500F22E07;
			remoteInfo = "iOS Tip Calculator";
		};
		8ACD9A11271E699800F22E07 /* PBXContainerItemProxy */ = {
			isa = PBXContainerItemProxy;
			containerPortal = 8ACD99E8271E699500F22E07 /* Project object */;
			proxyType = 1;
			remoteGlobalIDString = 8ACD99EF271E699500F22E07;
			remoteInfo = "iOS Tip Calculator";
		};
/* End PBXContainerItemProxy section */

/* Begin PBXFileReference section */
		8ACD99F0271E699500F22E07 /* iOS Tip Calculator.app */ = {isa = PBXFileReference; explicitFileType = wrapper.application; includeInIndex = 0; path = "iOS Tip Calculator.app"; sourceTree = BUILT_PRODUCTS_DIR; };
		8ACD99F3271E699500F22E07 /* AppDelegate.swift */ = {isa = PBXFileReference; lastKnownFileType = sourcecode.swift; path = AppDelegate.swift; sourceTree = "<group>"; };
		8ACD99F5271E699500F22E07 /* SceneDelegate.swift */ = {isa = PBXFileReference; lastKnownFileType = sourcecode.swift; path = SceneDelegate.swift; sourceTree = "<group>"; };
		8ACD99F7271E699500F22E07 /* ViewController.swift */ = {isa = PBXFileReference; lastKnownFileType = sourcecode.swift; path = ViewController.swift; sourceTree = "<group>"; };
		8ACD99FA271E699500F22E07 /* Base */ = {isa = PBXFileReference; lastKnownFileType = file.storyboard; name = Base; path = Base.lproj/Main.storyboard; sourceTree = "<group>"; };
		8ACD99FC271E699800F22E07 /* Assets.xcassets */ = {isa = PBXFileReference; lastKnownFileType = folder.assetcatalog; path = Assets.xcassets; sourceTree = "<group>"; };
		8ACD99FF271E699800F22E07 /* Base */ = {isa = PBXFileReference; lastKnownFileType = file.storyboard; name = Base; path = Base.lproj/LaunchScreen.storyboard; sourceTree = "<group>"; };
		8ACD9A01271E699800F22E07 /* Info.plist */ = {isa = PBXFileReference; lastKnownFileType = text.plist.xml; path = Info.plist; sourceTree = "<group>"; };
		8ACD9A06271E699800F22E07 /* iOS Tip CalculatorTests.xctest */ = {isa = PBXFileReference; explicitFileType = wrapper.cfbundle; includeInIndex = 0; path = "iOS Tip CalculatorTests.xctest"; sourceTree = BUILT_PRODUCTS_DIR; };
		8ACD9A0A271E699800F22E07 /* iOS_Tip_CalculatorTests.swift */ = {isa = PBXFileReference; lastKnownFileType = sourcecode.swift; path = iOS_Tip_CalculatorTests.swift; sourceTree = "<group>"; };
		8ACD9A10271E699800F22E07 /* iOS Tip CalculatorUITests.xctest */ = {isa = PBXFileReference; explicitFileType = wrapper.cfbundle; includeInIndex = 0; path = "iOS Tip CalculatorUITests.xctest"; sourceTree = BUILT_PRODUCTS_DIR; };
		8ACD9A14271E699800F22E07 /* iOS_Tip_CalculatorUITests.swift */ = {isa = PBXFileReference; lastKnownFileType = sourcecode.swift; path = iOS_Tip_CalculatorUITests.swift; sourceTree = "<group>"; };
		8ACD9A16271E699800F22E07 /* iOS_Tip_CalculatorUITestsLaunchTests.swift */ = {isa = PBXFileReference; lastKnownFileType = sourcecode.swift; path = iOS_Tip_CalculatorUITestsLaunchTests.swift; sourceTree = "<group>"; };
/* End PBXFileReference section */

/* Begin PBXFrameworksBuildPhase section */
		8ACD99ED271E699500F22E07 /* Frameworks */ = {
			isa = PBXFrameworksBuildPhase;
			buildActionMask = 2147483647;
			files = (
			);
			runOnlyForDeploymentPostprocessing = 0;
		};
		8ACD9A03271E699800F22E07 /* Frameworks */ = {
			isa = PBXFrameworksBuildPhase;
			buildActionMask = 2147483647;
			files = (
			);
			runOnlyForDeploymentPostprocessing = 0;
		};
		8ACD9A0D271E699800F22E07 /* Frameworks */ = {
			isa = PBXFrameworksBuildPhase;
			buildActionMask = 2147483647;
			files = (
			);
			runOnlyForDeploymentPostprocessing = 0;
		};
/* End PBXFrameworksBuildPhase section */

/* Begin PBXGroup section */
		8ACD99E7271E699500F22E07 = {
			isa = PBXGroup;
			children = (
				8ACD99F2271E699500F22E07 /* iOS Tip Calculator */,
				8ACD9A09271E699800F22E07 /* iOS Tip CalculatorTests */,
				8ACD9A13271E699800F22E07 /* iOS Tip CalculatorUITests */,
				8ACD99F1271E699500F22E07 /* Products */,
			);
			sourceTree = "<group>";
		};
		8ACD99F1271E699500F22E07 /* Products */ = {
			isa = PBXGroup;
			children = (
				8ACD99F0271E699500F22E07 /* iOS Tip Calculator.app */,
				8ACD9A06271E699800F22E07 /* iOS Tip CalculatorTests.xctest */,
				8ACD9A10271E699800F22E07 /* iOS Tip CalculatorUITests.xctest */,
			);
			name = Products;
			sourceTree = "<group>";
		};
		8ACD99F2271E699500F22E07 /* iOS Tip Calculator */ = {
			isa = PBXGroup;
			children = (
				8ACD99F3271E699500F22E07 /* AppDelegate.swift */,
				8ACD99F5271E699500F22E07 /* SceneDelegate.swift */,
				8ACD99F7271E699500F22E07 /* ViewController.swift */,
				8ACD99F9271E699500F22E07 /* Main.storyboard */,
				8ACD99FC271E699800F22E07 /* Assets.xcassets */,
				8ACD99FE271E699800F22E07 /* LaunchScreen.storyboard */,
				8ACD9A01271E699800F22E07 /* Info.plist */,
			);
			path = "iOS Tip Calculator";
			sourceTree = "<group>";
		};
		8ACD9A09271E699800F22E07 /* iOS Tip CalculatorTests */ = {
			isa = PBXGroup;
			children = (
				8ACD9A0A271E699800F22E07 /* iOS_Tip_CalculatorTests.swift */,
			);
			path = "iOS Tip CalculatorTests";
			sourceTree = "<group>";
		};
		8ACD9A13271E699800F22E07 /* iOS Tip CalculatorUITests */ = {
			isa = PBXGroup;
			children = (
				8ACD9A14271E699800F22E07 /* iOS_Tip_CalculatorUITests.swift */,
				8ACD9A16271E699800F22E07 /* iOS_Tip_CalculatorUITestsLaunchTests.swift */,
			);
			path = "iOS Tip CalculatorUITests";
			sourceTree = "<group>";
		};
/* End PBXGroup section */

/* Begin PBXNativeTarget section */
		8ACD99EF271E699500F22E07 /* iOS Tip Calculator */ = {
			isa = PBXNativeTarget;
			buildConfigurationList = 8ACD9A1A271E699800F22E07 /* Build configuration list for PBXNativeTarget "iOS Tip Calculator" */;
			buildPhases = (
				8ACD99EC271E699500F22E07 /* Sources */,
				8ACD99ED271E699500F22E07 /* Frameworks */,
				8ACD99EE271E699500F22E07 /* Resources */,
			);
			buildRules = (
			);
			dependencies = (
			);
			name = "iOS Tip Calculator";
			productName = "iOS Tip Calculator";
			productReference = 8ACD99F0271E699500F22E07 /* iOS Tip Calculator.app */;
			productType = "com.apple.product-type.application";
		};
		8ACD9A05271E699800F22E07 /* iOS Tip CalculatorTests */ = {
			isa = PBXNativeTarget;
			buildConfigurationList = 8ACD9A1D271E699800F22E07 /* Build configuration list for PBXNativeTarget "iOS Tip CalculatorTests" */;
			buildPhases = (
				8ACD9A02271E699800F22E07 /* Sources */,
				8ACD9A03271E699800F22E07 /* Frameworks */,
				8ACD9A04271E699800F22E07 /* Resources */,
			);
			buildRules = (
			);
			dependencies = (
				8ACD9A08271E699800F22E07 /* PBXTargetDependency */,
			);
			name = "iOS Tip CalculatorTests";
			productName = "iOS Tip CalculatorTests";
			productReference = 8ACD9A06271E699800F22E07 /* iOS Tip CalculatorTests.xctest */;
			productType = "com.apple.product-type.bundle.unit-test";
		};
		8ACD9A0F271E699800F22E07 /* iOS Tip CalculatorUITests */ = {
			isa = PBXNativeTarget;
			buildConfigurationList = 8ACD9A20271E699800F22E07 /* Build configuration list for PBXNativeTarget "iOS Tip CalculatorUITests" */;
			buildPhases = (
				8ACD9A0C271E699800F22E07 /* Sources */,
				8ACD9A0D271E699800F22E07 /* Frameworks */,
				8ACD9A0E271E699800F22E07 /* Resources */,
			);
			buildRules = (
			);
			dependencies = (
				8ACD9A12271E699800F22E07 /* PBXTargetDependency */,
			);
			name = "iOS Tip CalculatorUITests";
			productName = "iOS Tip CalculatorUITests";
			productReference = 8ACD9A10271E699800F22E07 /* iOS Tip CalculatorUITests.xctest */;
			productType = "com.apple.product-type.bundle.ui-testing";
		};
/* End PBXNativeTarget section */

/* Begin PBXProject section */
		8ACD99E8271E699500F22E07 /* Project object */ = {
			isa = PBXProject;
			attributes = {
				BuildIndependentTargetsInParallel = 1;
				LastSwiftUpdateCheck = 1300;
				LastUpgradeCheck = 1300;
				TargetAttributes = {
					8ACD99EF271E699500F22E07 = {
						CreatedOnToolsVersion = 13.0;
					};
					8ACD9A05271E699800F22E07 = {
						CreatedOnToolsVersion = 13.0;
						TestTargetID = 8ACD99EF271E699500F22E07;
					};
					8ACD9A0F271E699800F22E07 = {
						CreatedOnToolsVersion = 13.0;
						TestTargetID = 8ACD99EF271E699500F22E07;
					};
				};
			};
			buildConfigurationList = 8ACD99EB271E699500F22E07 /* Build configuration list for PBXProject "iOS Tip Calculator" */;
			compatibilityVersion = "Xcode 13.0";
			developmentRegion = en;
			hasScannedForEncodings = 0;
			knownRegions = (
				en,
				Base,
			);
			mainGroup = 8ACD99E7271E699500F22E07;
			productRefGroup = 8ACD99F1271E699500F22E07 /* Products */;
			projectDirPath = "";
			projectRoot = "";
			targets = (
				8ACD99EF271E699500F22E07 /* iOS Tip Calculator */,
				8ACD9A05271E699800F22E07 /* iOS Tip CalculatorTests */,
				8ACD9A0F271E699800F22E07 /* iOS Tip CalculatorUITests */,
			);
		};
/* End PBXProject section */

/* Begin PBXResourcesBuildPhase section */
		8ACD99EE271E699500F22E07 /* Resources */ = {
			isa = PBXResourcesBuildPhase;
			buildActionMask = 2147483647;
			files = (
				8ACD9A00271E699800F22E07 /* LaunchScreen.storyboard in Resources */,
				8ACD99FD271E699800F22E07 /* Assets.xcassets in Resources */,
				8ACD99FB271E699500F22E07 /* Main.storyboard in Resources */,
			);
			runOnlyForDeploymentPostprocessing = 0;
		};
		8ACD9A04271E699800F22E07 /* Resources */ = {
			isa = PBXResourcesBuildPhase;
			buildActionMask = 2147483647;
			files = (
			);
			runOnlyForDeploymentPostprocessing = 0;
		};
		8ACD9A0E271E699800F22E07 /* Resources */ = {
			isa = PBXResourcesBuildPhase;
			buildActionMask = 2147483647;
			files = (
			);
			runOnlyForDeploymentPostprocessing = 0;
		};
/* End PBXResourcesBuildPhase section */

/* Begin PBXSourcesBuildPhase section */
		8ACD99EC271E699500F22E07 /* Sources */ = {
			isa = PBXSourcesBuildPhase;
			buildActionMask = 2147483647;
			files = (
				8ACD99F8271E699500F22E07 /* ViewController.swift in Sources */,
				8ACD99F4271E699500F22E07 /* AppDelegate.swift in Sources */,
				8ACD99F6271E699500F22E07 /* SceneDelegate.swift in Sources */,
			);
			runOnlyForDeploymentPostprocessing = 0;
		};
		8ACD9A02271E699800F22E07 /* Sources */ = {
			isa = PBXSourcesBuildPhase;
			buildActionMask = 2147483647;
			files = (
				8ACD9A0B271E699800F22E07 /* iOS_Tip_CalculatorTests.swift in Sources */,
			);
			runOnlyForDeploymentPostprocessing = 0;
		};
		8ACD9A0C271E699800F22E07 /* Sources */ = {
			isa = PBXSourcesBuildPhase;
			buildActionMask = 2147483647;
			files = (
				8ACD9A17271E699800F22E07 /* iOS_Tip_CalculatorUITestsLaunchTests.swift in Sources */,
				8ACD9A15271E699800F22E07 /* iOS_Tip_CalculatorUITests.swift in Sources */,
			);
			runOnlyForDeploymentPostprocessing = 0;
		};
/* End PBXSourcesBuildPhase section */

/* Begin PBXTargetDependency section */
		8ACD9A08271E699800F22E07 /* PBXTargetDependency */ = {
			isa = PBXTargetDependency;
			target = 8ACD99EF271E699500F22E07 /* iOS Tip Calculator */;
			targetProxy = 8ACD9A07271E699800F22E07 /* PBXContainerItemProxy */;
		};
		8ACD9A12271E699800F22E07 /* PBXTargetDependency */ = {
			isa = PBXTargetDependency;
			target = 8ACD99EF271E699500F22E07 /* iOS Tip Calculator */;
			targetProxy = 8ACD9A11271E699800F22E07 /* PBXContainerItemProxy */;
		};
/* End PBXTargetDependency section */

/* Begin PBXVariantGroup section */
		8ACD99F9271E699500F22E07 /* Main.storyboard */ = {
			isa = PBXVariantGroup;
			children = (
				8ACD99FA271E699500F22E07 /* Base */,
			);
			name = Main.storyboard;
			sourceTree = "<group>";
		};
		8ACD99FE271E699800F22E07 /* LaunchScreen.storyboard */ = {
			isa = PBXVariantGroup;
			children = (
				8ACD99FF271E699800F22E07 /* Base */,
			);
			name = LaunchScreen.storyboard;
			sourceTree = "<group>";
		};
/* End PBXVariantGroup section */

/* Begin XCBuildConfiguration section */
		8ACD9A18271E699800F22E07 /* Debug */ = {
			isa = XCBuildConfiguration;
			buildSettings = {
				ALWAYS_SEARCH_USER_PATHS = NO;
				CLANG_ANALYZER_NONNULL = YES;
				CLANG_ANALYZER_NUMBER_OBJECT_CONVERSION = YES_AGGRESSIVE;
				CLANG_CXX_LANGUAGE_STANDARD = "gnu++17";
				CLANG_CXX_LIBRARY = "libc++";
				CLANG_ENABLE_MODULES = YES;
				CLANG_ENABLE_OBJC_ARC = YES;
				CLANG_ENABLE_OBJC_WEAK = YES;
				CLANG_WARN_BLOCK_CAPTURE_AUTORELEASING = YES;
				CLANG_WARN_BOOL_CONVERSION = YES;
				CLANG_WARN_COMMA = YES;
				CLANG_WARN_CONSTANT_CONVERSION = YES;
				CLANG_WARN_DEPRECATED_OBJC_IMPLEMENTATIONS = YES;
				CLANG_WARN_DIRECT_OBJC_ISA_USAGE = YES_ERROR;
				CLANG_WARN_DOCUMENTATION_COMMENTS = YES;
				CLANG_WARN_EMPTY_BODY = YES;
				CLANG_WARN_ENUM_CONVERSION = YES;
				CLANG_WARN_INFINITE_RECURSION = YES;
				CLANG_WARN_INT_CONVERSION = YES;
				CLANG_WARN_NON_LITERAL_NULL_CONVERSION = YES;
				CLANG_WARN_OBJC_IMPLICIT_RETAIN_SELF = YES;
				CLANG_WARN_OBJC_LITERAL_CONVERSION = YES;
				CLANG_WARN_OBJC_ROOT_CLASS = YES_ERROR;
				CLANG_WARN_QUOTED_INCLUDE_IN_FRAMEWORK_HEADER = YES;
				CLANG_WARN_RANGE_LOOP_ANALYSIS = YES;
				CLANG_WARN_STRICT_PROTOTYPES = YES;
				CLANG_WARN_SUSPICIOUS_MOVE = YES;
				CLANG_WARN_UNGUARDED_AVAILABILITY = YES_AGGRESSIVE;
				CLANG_WARN_UNREACHABLE_CODE = YES;
				CLANG_WARN__DUPLICATE_METHOD_MATCH = YES;
				COPY_PHASE_STRIP = NO;
				DEBUG_INFORMATION_FORMAT = dwarf;
				ENABLE_STRICT_OBJC_MSGSEND = YES;
				ENABLE_TESTABILITY = YES;
				GCC_C_LANGUAGE_STANDARD = gnu11;
				GCC_DYNAMIC_NO_PIC = NO;
				GCC_NO_COMMON_BLOCKS = YES;
				GCC_OPTIMIZATION_LEVEL = 0;
				GCC_PREPROCESSOR_DEFINITIONS = (
					"DEBUG=1",
					"$(inherited)",
				);
				GCC_WARN_64_TO_32_BIT_CONVERSION = YES;
				GCC_WARN_ABOUT_RETURN_TYPE = YES_ERROR;
				GCC_WARN_UNDECLARED_SELECTOR = YES;
				GCC_WARN_UNINITIALIZED_AUTOS = YES_AGGRESSIVE;
				GCC_WARN_UNUSED_FUNCTION = YES;
				GCC_WARN_UNUSED_VARIABLE = YES;
				IPHONEOS_DEPLOYMENT_TARGET = 15.0;
				MTL_ENABLE_DEBUG_INFO = INCLUDE_SOURCE;
				MTL_FAST_MATH = YES;
				ONLY_ACTIVE_ARCH = YES;
				SDKROOT = iphoneos;
				SWIFT_ACTIVE_COMPILATION_CONDITIONS = DEBUG;
				SWIFT_OPTIMIZATION_LEVEL = "-Onone";
			};
			name = Debug;
		};
		8ACD9A19271E699800F22E07 /* Release */ = {
			isa = XCBuildConfiguration;
			buildSettings = {
				ALWAYS_SEARCH_USER_PATHS = NO;
				CLANG_ANALYZER_NONNULL = YES;
				CLANG_ANALYZER_NUMBER_OBJECT_CONVERSION = YES_AGGRESSIVE;
				CLANG_CXX_LANGUAGE_STANDARD = "gnu++17";
				CLANG_CXX_LIBRARY = "libc++";
				CLANG_ENABLE_MODULES = YES;
				CLANG_ENABLE_OBJC_ARC = YES;
				CLANG_ENABLE_OBJC_WEAK = YES;
				CLANG_WARN_BLOCK_CAPTURE_AUTORELEASING = YES;
				CLANG_WARN_BOOL_CONVERSION = YES;
				CLANG_WARN_COMMA = YES;
				CLANG_WARN_CONSTANT_CONVERSION = YES;
				CLANG_WARN_DEPRECATED_OBJC_IMPLEMENTATIONS = YES;
				CLANG_WARN_DIRECT_OBJC_ISA_USAGE = YES_ERROR;
				CLANG_WARN_DOCUMENTATION_COMMENTS = YES;
				CLANG_WARN_EMPTY_BODY = YES;
				CLANG_WARN_ENUM_CONVERSION = YES;
				CLANG_WARN_INFINITE_RECURSION = YES;
				CLANG_WARN_INT_CONVERSION = YES;
				CLANG_WARN_NON_LITERAL_NULL_CONVERSION = YES;
				CLANG_WARN_OBJC_IMPLICIT_RETAIN_SELF = YES;
				CLANG_WARN_OBJC_LITERAL_CONVERSION = YES;
				CLANG_WARN_OBJC_ROOT_CLASS = YES_ERROR;
				CLANG_WARN_QUOTED_INCLUDE_IN_FRAMEWORK_HEADER = YES;
				CLANG_WARN_RANGE_LOOP_ANALYSIS = YES;
				CLANG_WARN_STRICT_PROTOTYPES = YES;
				CLANG_WARN_SUSPICIOUS_MOVE = YES;
				CLANG_WARN_UNGUARDED_AVAILABILITY = YES_AGGRESSIVE;
				CLANG_WARN_UNREACHABLE_CODE = YES;
				CLANG_WARN__DUPLICATE_METHOD_MATCH = YES;
				COPY_PHASE_STRIP = NO;
				DEBUG_INFORMATION_FORMAT = "dwarf-with-dsym";
				ENABLE_NS_ASSERTIONS = NO;
				ENABLE_STRICT_OBJC_MSGSEND = YES;
				GCC_C_LANGUAGE_STANDARD = gnu11;
				GCC_NO_COMMON_BLOCKS = YES;
				GCC_WARN_64_TO_32_BIT_CONVERSION = YES;
				GCC_WARN_ABOUT_RETURN_TYPE = YES_ERROR;
				GCC_WARN_UNDECLARED_SELECTOR = YES;
				GCC_WARN_UNINITIALIZED_AUTOS = YES_AGGRESSIVE;
				GCC_WARN_UNUSED_FUNCTION = YES;
				GCC_WARN_UNUSED_VARIABLE = YES;
				IPHONEOS_DEPLOYMENT_TARGET = 15.0;
				MTL_ENABLE_DEBUG_INFO = NO;
				MTL_FAST_MATH = YES;
				SDKROOT = iphoneos;
				SWIFT_COMPILATION_MODE = wholemodule;
				SWIFT_OPTIMIZATION_LEVEL = "-O";
				VALIDATE_PRODUCT = YES;
			};
			name = Release;
		};
		8ACD9A1B271E699800F22E07 /* Debug */ = {
			isa = XCBuildConfiguration;
			buildSettings = {
				ASSETCATALOG_COMPILER_APPICON_NAME = AppIcon;
				ASSETCATALOG_COMPILER_GLOBAL_ACCENT_COLOR_NAME = AccentColor;
				CODE_SIGN_STYLE = Automatic;
				CURRENT_PROJECT_VERSION = 1;
				GENERATE_INFOPLIST_FILE = YES;
				INFOPLIST_FILE = "iOS Tip Calculator/Info.plist";
				INFOPLIST_KEY_UIApplicationSupportsIndirectInputEvents = YES;
				INFOPLIST_KEY_UILaunchStoryboardName = LaunchScreen;
				INFOPLIST_KEY_UIMainStoryboardFile = Main;
				INFOPLIST_KEY_UISupportedInterfaceOrientations_iPad = "UIInterfaceOrientationPortrait UIInterfaceOrientationPortraitUpsideDown UIInterfaceOrientationLandscapeLeft UIInterfaceOrientationLandscapeRight";
				INFOPLIST_KEY_UISupportedInterfaceOrientations_iPhone = "UIInterfaceOrientationPortrait UIInterfaceOrientationLandscapeLeft UIInterfaceOrientationLandscapeRight";
				LD_RUNPATH_SEARCH_PATHS = (
					"$(inherited)",
					"@executable_path/Frameworks",
				);
				MARKETING_VERSION = 1.0;
				PRODUCT_BUNDLE_IDENTIFIER = "prework.iOS-Tip-Calculator";
				PRODUCT_NAME = "$(TARGET_NAME)";
				SWIFT_EMIT_LOC_STRINGS = YES;
				SWIFT_VERSION = 5.0;
				TARGETED_DEVICE_FAMILY = "1,2";
			};
			name = Debug;
		};
		8ACD9A1C271E699800F22E07 /* Release */ = {
			isa = XCBuildConfiguration;
			buildSettings = {
				ASSETCATALOG_COMPILER_APPICON_NAME = AppIcon;
				ASSETCATALOG_COMPILER_GLOBAL_ACCENT_COLOR_NAME = AccentColor;
				CODE_SIGN_STYLE = Automatic;
				CURRENT_PROJECT_VERSION = 1;
				GENERATE_INFOPLIST_FILE = YES;
				INFOPLIST_FILE = "iOS Tip Calculator/Info.plist";
				INFOPLIST_KEY_UIApplicationSupportsIndirectInputEvents = YES;
				INFOPLIST_KEY_UILaunchStoryboardName = LaunchScreen;
				INFOPLIST_KEY_UIMainStoryboardFile = Main;
				INFOPLIST_KEY_UISupportedInterfaceOrientations_iPad = "UIInterfaceOrientationPortrait UIInterfaceOrientationPortraitUpsideDown UIInterfaceOrientationLandscapeLeft UIInterfaceOrientationLandscapeRight";
				INFOPLIST_KEY_UISupportedInterfaceOrientations_iPhone = "UIInterfaceOrientationPortrait UIInterfaceOrientationLandscapeLeft UIInterfaceOrientationLandscapeRight";
				LD_RUNPATH_SEARCH_PATHS = (
					"$(inherited)",
					"@executable_path/Frameworks",
				);
				MARKETING_VERSION = 1.0;
				PRODUCT_BUNDLE_IDENTIFIER = "prework.iOS-Tip-Calculator";
				PRODUCT_NAME = "$(TARGET_NAME)";
				SWIFT_EMIT_LOC_STRINGS = YES;
				SWIFT_VERSION = 5.0;
				TARGETED_DEVICE_FAMILY = "1,2";
			};
			name = Release;
		};
		8ACD9A1E271E699800F22E07 /* Debug */ = {
			isa = XCBuildConfiguration;
			buildSettings = {
				ALWAYS_EMBED_SWIFT_STANDARD_LIBRARIES = YES;
				BUNDLE_LOADER = "$(TEST_HOST)";
				CODE_SIGN_STYLE = Automatic;
				CURRENT_PROJECT_VERSION = 1;
				GENERATE_INFOPLIST_FILE = YES;
				IPHONEOS_DEPLOYMENT_TARGET = 15.0;
				LD_RUNPATH_SEARCH_PATHS = (
					"$(inherited)",
					"@executable_path/Frameworks",
					"@loader_path/Frameworks",
				);
				MARKETING_VERSION = 1.0;
				PRODUCT_BUNDLE_IDENTIFIER = "prework.iOS-Tip-CalculatorTests";
				PRODUCT_NAME = "$(TARGET_NAME)";
				SWIFT_EMIT_LOC_STRINGS = NO;
				SWIFT_VERSION = 5.0;
				TARGETED_DEVICE_FAMILY = "1,2";
				TEST_HOST = "$(BUILT_PRODUCTS_DIR)/iOS Tip Calculator.app/iOS Tip Calculator";
			};
			name = Debug;
		};
		8ACD9A1F271E699800F22E07 /* Release */ = {
			isa = XCBuildConfiguration;
			buildSettings = {
				ALWAYS_EMBED_SWIFT_STANDARD_LIBRARIES = YES;
				BUNDLE_LOADER = "$(TEST_HOST)";
				CODE_SIGN_STYLE = Automatic;
				CURRENT_PROJECT_VERSION = 1;
				GENERATE_INFOPLIST_FILE = YES;
				IPHONEOS_DEPLOYMENT_TARGET = 15.0;
				LD_RUNPATH_SEARCH_PATHS = (
					"$(inherited)",
					"@executable_path/Frameworks",
					"@loader_path/Frameworks",
				);
				MARKETING_VERSION = 1.0;
				PRODUCT_BUNDLE_IDENTIFIER = "prework.iOS-Tip-CalculatorTests";
				PRODUCT_NAME = "$(TARGET_NAME)";
				SWIFT_EMIT_LOC_STRINGS = NO;
				SWIFT_VERSION = 5.0;
				TARGETED_DEVICE_FAMILY = "1,2";
				TEST_HOST = "$(BUILT_PRODUCTS_DIR)/iOS Tip Calculator.app/iOS Tip Calculator";
			};
			name = Release;
		};
		8ACD9A21271E699800F22E07 /* Debug */ = {
			isa = XCBuildConfiguration;
			buildSettings = {
				ALWAYS_EMBED_SWIFT_STANDARD_LIBRARIES = YES;
				CODE_SIGN_STYLE = Automatic;
				CURRENT_PROJECT_VERSION = 1;
				GENERATE_INFOPLIST_FILE = YES;
				LD_RUNPATH_SEARCH_PATHS = (
					"$(inherited)",
					"@executable_path/Frameworks",
					"@loader_path/Frameworks",
				);
				MARKETING_VERSION = 1.0;
				PRODUCT_BUNDLE_IDENTIFIER = "prework.iOS-Tip-CalculatorUITests";
				PRODUCT_NAME = "$(TARGET_NAME)";
				SWIFT_EMIT_LOC_STRINGS = NO;
				SWIFT_VERSION = 5.0;
				TARGETED_DEVICE_FAMILY = "1,2";
				TEST_TARGET_NAME = "iOS Tip Calculator";
			};
			name = Debug;
		};
		8ACD9A22271E699800F22E07 /* Release */ = {
			isa = XCBuildConfiguration;
			buildSettings = {
				ALWAYS_EMBED_SWIFT_STANDARD_LIBRARIES = YES;
				CODE_SIGN_STYLE = Automatic;
				CURRENT_PROJECT_VERSION = 1;
				GENERATE_INFOPLIST_FILE = YES;
				LD_RUNPATH_SEARCH_PATHS = (
					"$(inherited)",
					"@executable_path/Frameworks",
					"@loader_path/Frameworks",
				);
				MARKETING_VERSION = 1.0;
				PRODUCT_BUNDLE_IDENTIFIER = "prework.iOS-Tip-CalculatorUITests";
				PRODUCT_NAME = "$(TARGET_NAME)";
				SWIFT_EMIT_LOC_STRINGS = NO;
				SWIFT_VERSION = 5.0;
				TARGETED_DEVICE_FAMILY = "1,2";
				TEST_TARGET_NAME = "iOS Tip Calculator";
			};
			name = Release;
		};
/* End XCBuildConfiguration section */

/* Begin XCConfigurationList section */
		8ACD99EB271E699500F22E07 /* Build configuration list for PBXProject "iOS Tip Calculator" */ = {
			isa = XCConfigurationList;
			buildConfigurations = (
				8ACD9A18271E699800F22E07 /* Debug */,
				8ACD9A19271E699800F22E07 /* Release */,
			);
			defaultConfigurationIsVisible = 0;
			defaultConfigurationName = Release;
		};
		8ACD9A1A271E699800F22E07 /* Build configuration list for PBXNativeTarget "iOS Tip Calculator" */ = {
			isa = XCConfigurationList;
			buildConfigurations = (
				8ACD9A1B271E699800F22E07 /* Debug */,
				8ACD9A1C271E699800F22E07 /* Release */,
			);
			defaultConfigurationIsVisible = 0;
			defaultConfigurationName = Release;
		};
		8ACD9A1D271E699800F22E07 /* Build configuration list for PBXNativeTarget "iOS Tip CalculatorTests" */ = {
			isa = XCConfigurationList;
			buildConfigurations = (
				8ACD9A1E271E699800F22E07 /* Debug */,
				8ACD9A1F271E699800F22E07 /* Release */,
			);
			defaultConfigurationIsVisible = 0;
			defaultConfigurationName = Release;
		};
		8ACD9A20271E699800F22E07 /* Build configuration list for PBXNativeTarget "iOS Tip CalculatorUITests" */ = {
			isa = XCConfigurationList;
			buildConfigurations = (
				8ACD9A21271E699800F22E07 /* Debug */,
				8ACD9A22271E699800F22E07 /* Release */,
			);
			defaultConfigurationIsVisible = 0;
			defaultConfigurationName = Release;
		};
/* End XCConfigurationList section */
	};
	rootObject = 8ACD99E8271E699500F22E07 /* Project object */;
}
